
Microsoft Visual Studio Solution File, Format Version 12.00
# Visual Studio 15
VisualStudioVersion = 15.0.28307.1267
MinimumVisualStudioVersion = 10.0.40219.1
Project("{FAE04EC0-301F-11D3-BF4B-00C04F79EFBC}") = "TestG", "TestG\TestG.csproj", "{3C7428D2-8149-4C64-BFB6-AF75A11D472B}"
EndProject
Global
	GlobalSection(SolutionConfigurationPlatforms) = preSolution
		Debug|Any CPU = Debug|Any CPU
		Release|Any CPU = Release|Any CPU
	EndGlobalSection
	GlobalSection(ProjectConfigurationPlatforms) = postSolution
		{3C7428D2-8149-4C64-BFB6-AF75A11D472B}.Debug|Any CPU.ActiveCfg = Debug|Any CPU
		{3C7428D2-8149-4C64-BFB6-AF75A11D472B}.Debug|Any CPU.Build.0 = Debug|Any CPU
		{3C7428D2-8149-4C64-BFB6-AF75A11D472B}.Release|Any CPU.ActiveCfg = Release|Any CPU
		{3C7428D2-8149-4C64-BFB6-AF75A11D472B}.Release|Any CPU.Build.0 = Release|Any CPU
	EndGlobalSection
	GlobalSection(SolutionProperties) = preSolution
		HideSolutionNode = FALSE
	EndGlobalSection
	GlobalSection(ExtensibilityGlobals) = postSolution
		SolutionGuid = {1B9AB604-B5D8-4EE3-A158-C78215F22D3B}
	EndGlobalSection
EndGlobal
